
Microsoft Visual Studio Solution File, Format Version 12.00
# Visual Studio 2013
VisualStudioVersion = 12.0.21005.1
MinimumVisualStudioVersion = 10.0.40219.1
Project("{FAE04EC0-301F-11D3-BF4B-00C04F79EFBC}") = "SmallAndBigNumberFind_App", "SmallAndBigNumberFind_App\SmallAndBigNumberFind_App.csproj", "{A7DF6911-77A2-48A4-A466-F27E9D5CEBD9}"
EndProject
Global
	GlobalSection(SolutionConfigurationPlatforms) = preSolution
		Debug|Any CPU = Debug|Any CPU
		Release|Any CPU = Release|Any CPU
	EndGlobalSection
	GlobalSection(ProjectConfigurationPlatforms) = postSolution
		{A7DF6911-77A2-48A4-A466-F27E9D5CEBD9}.Debug|Any CPU.ActiveCfg = Debug|Any CPU
		{A7DF6911-77A2-48A4-A466-F27E9D5CEBD9}.Debug|Any CPU.Build.0 = Debug|Any CPU
		{A7DF6911-77A2-48A4-A466-F27E9D5CEBD9}.Release|Any CPU.ActiveCfg = Release|Any CPU
		{A7DF6911-77A2-48A4-A466-F27E9D5CEBD9}.Release|Any CPU.Build.0 = Release|Any CPU
	EndGlobalSection
	GlobalSection(SolutionProperties) = preSolution
		HideSolutionNode = FALSE
	EndGlobalSection
EndGlobal
